
Microsoft Visual Studio Solution File, Format Version 12.00
# Visual Studio Version 17
VisualStudioVersion = 17.3.32922.545
MinimumVisualStudioVersion = 10.0.40219.1
Project("{FAE04EC0-301F-11D3-BF4B-00C04F79EFBC}") = "HangMan", "HangMan\HangMan.csproj", "{469D7B9B-1097-4A99-A1B6-887DC66279D0}"
EndProject
Global
	GlobalSection(SolutionConfigurationPlatforms) = preSolution
		Debug|Any CPU = Debug|Any CPU
		Release|Any CPU = Release|Any CPU
	EndGlobalSection
	GlobalSection(ProjectConfigurationPlatforms) = postSolution
		{469D7B9B-1097-4A99-A1B6-887DC66279D0}.Debug|Any CPU.ActiveCfg = Debug|Any CPU
		{469D7B9B-1097-4A99-A1B6-887DC66279D0}.Debug|Any CPU.Build.0 = Debug|Any CPU
		{469D7B9B-1097-4A99-A1B6-887DC66279D0}.Release|Any CPU.ActiveCfg = Release|Any CPU
		{469D7B9B-1097-4A99-A1B6-887DC66279D0}.Release|Any CPU.Build.0 = Release|Any CPU
	EndGlobalSection
	GlobalSection(SolutionProperties) = preSolution
		HideSolutionNode = FALSE
	EndGlobalSection
	GlobalSection(ExtensibilityGlobals) = postSolution
		SolutionGuid = {A5BEB08D-E645-478F-8300-13545CC7E39A}
	EndGlobalSection
EndGlobal
